
Microsoft Visual Studio Solution File, Format Version 12.00
# Visual Studio Version 17
VisualStudioVersion = 17.8.34511.84
MinimumVisualStudioVersion = 10.0.40219.1
Project("{FAE04EC0-301F-11D3-BF4B-00C04F79EFBC}") = "PROJECTING", "PROJECTING\PROJECTING.csproj", "{F64CE837-3C6C-4741-9E91-94E5825A55A9}"
EndProject
Global
	GlobalSection(SolutionConfigurationPlatforms) = preSolution
		Debug|Any CPU = Debug|Any CPU
		Release|Any CPU = Release|Any CPU
	EndGlobalSection
	GlobalSection(ProjectConfigurationPlatforms) = postSolution
		{F64CE837-3C6C-4741-9E91-94E5825A55A9}.Debug|Any CPU.ActiveCfg = Debug|Any CPU
		{F64CE837-3C6C-4741-9E91-94E5825A55A9}.Debug|Any CPU.Build.0 = Debug|Any CPU
		{F64CE837-3C6C-4741-9E91-94E5825A55A9}.Release|Any CPU.ActiveCfg = Release|Any CPU
		{F64CE837-3C6C-4741-9E91-94E5825A55A9}.Release|Any CPU.Build.0 = Release|Any CPU
	EndGlobalSection
	GlobalSection(SolutionProperties) = preSolution
		HideSolutionNode = FALSE
	EndGlobalSection
	GlobalSection(ExtensibilityGlobals) = postSolution
		SolutionGuid = {1A866194-16DB-4666-8F9D-C6DAFD5E8DC5}
	EndGlobalSection
EndGlobal
